
Microsoft Visual Studio Solution File, Format Version 12.00
# Visual Studio Version 16
VisualStudioVersion = 16.0.31911.196
MinimumVisualStudioVersion = 10.0.40219.1
Project("{9A19103F-16F7-4668-BE54-9A1E7A4F7556}") = "DepartamentoPolicia.Web", "DepartamentoPoliciaCDA\DepartamentoPolicia.Web.csproj", "{3F97AF5A-1D53-45C1-AFB4-481C04562CA6}"
EndProject
Project("{FAE04EC0-301F-11D3-BF4B-00C04F79EFBC}") = "DepartamentoPolicia.Application", "DepartamentoPolicia.Application\DepartamentoPolicia.Application.csproj", "{3CAB9760-E776-4876-8A18-12EE11C1593A}"
EndProject
Project("{FAE04EC0-301F-11D3-BF4B-00C04F79EFBC}") = "DepartamentoPolicia.Domain", "DepartamentoPolicia.Domain\DepartamentoPolicia.Domain.csproj", "{796DD8DB-1AD9-43BF-A44C-A3357D849DCF}"
EndProject
Project("{FAE04EC0-301F-11D3-BF4B-00C04F79EFBC}") = "DepartamentoPolicia.Infra", "DepartamentoPolicia.Infra\DepartamentoPolicia.Infra.csproj", "{5944FB26-1699-471B-8C1F-0F6E805D0C8F}"
EndProject
Global
	GlobalSection(SolutionConfigurationPlatforms) = preSolution
		Debug|Any CPU = Debug|Any CPU
		Release|Any CPU = Release|Any CPU
	EndGlobalSection
	GlobalSection(ProjectConfigurationPlatforms) = postSolution
		{3F97AF5A-1D53-45C1-AFB4-481C04562CA6}.Debug|Any CPU.ActiveCfg = Debug|Any CPU
		{3F97AF5A-1D53-45C1-AFB4-481C04562CA6}.Debug|Any CPU.Build.0 = Debug|Any CPU
		{3F97AF5A-1D53-45C1-AFB4-481C04562CA6}.Release|Any CPU.ActiveCfg = Release|Any CPU
		{3F97AF5A-1D53-45C1-AFB4-481C04562CA6}.Release|Any CPU.Build.0 = Release|Any CPU
		{3CAB9760-E776-4876-8A18-12EE11C1593A}.Debug|Any CPU.ActiveCfg = Debug|Any CPU
		{3CAB9760-E776-4876-8A18-12EE11C1593A}.Debug|Any CPU.Build.0 = Debug|Any CPU
		{3CAB9760-E776-4876-8A18-12EE11C1593A}.Release|Any CPU.ActiveCfg = Release|Any CPU
		{3CAB9760-E776-4876-8A18-12EE11C1593A}.Release|Any CPU.Build.0 = Release|Any CPU
		{796DD8DB-1AD9-43BF-A44C-A3357D849DCF}.Debug|Any CPU.ActiveCfg = Debug|Any CPU
		{796DD8DB-1AD9-43BF-A44C-A3357D849DCF}.Debug|Any CPU.Build.0 = Debug|Any CPU
		{796DD8DB-1AD9-43BF-A44C-A3357D849DCF}.Release|Any CPU.ActiveCfg = Release|Any CPU
		{796DD8DB-1AD9-43BF-A44C-A3357D849DCF}.Release|Any CPU.Build.0 = Release|Any CPU
		{5944FB26-1699-471B-8C1F-0F6E805D0C8F}.Debug|Any CPU.ActiveCfg = Debug|Any CPU
		{5944FB26-1699-471B-8C1F-0F6E805D0C8F}.Debug|Any CPU.Build.0 = Debug|Any CPU
		{5944FB26-1699-471B-8C1F-0F6E805D0C8F}.Release|Any CPU.ActiveCfg = Release|Any CPU
		{5944FB26-1699-471B-8C1F-0F6E805D0C8F}.Release|Any CPU.Build.0 = Release|Any CPU
	EndGlobalSection
	GlobalSection(SolutionProperties) = preSolution
		HideSolutionNode = FALSE
	EndGlobalSection
	GlobalSection(ExtensibilityGlobals) = postSolution
		SolutionGuid = {D9075640-5239-4325-BFBE-C37697280926}
	EndGlobalSection
EndGlobal
